
Microsoft Visual Studio Solution File, Format Version 12.00
# Visual Studio Version 17
VisualStudioVersion = 17.5.002.0
MinimumVisualStudioVersion = 10.0.40219.1
Project("{9A19103F-16F7-4668-BE54-9A1E7A4F7556}") = "DesafioFundamentos", "DesafioFundamentos.csproj", "{CD69C36A-CDF7-44B0-92CC-48341ACE322B}"
EndProject
Global
	GlobalSection(SolutionConfigurationPlatforms) = preSolution
		Debug|Any CPU = Debug|Any CPU
		Release|Any CPU = Release|Any CPU
	EndGlobalSection
	GlobalSection(ProjectConfigurationPlatforms) = postSolution
		{CD69C36A-CDF7-44B0-92CC-48341ACE322B}.Debug|Any CPU.ActiveCfg = Debug|Any CPU
		{CD69C36A-CDF7-44B0-92CC-48341ACE322B}.Debug|Any CPU.Build.0 = Debug|Any CPU
		{CD69C36A-CDF7-44B0-92CC-48341ACE322B}.Release|Any CPU.ActiveCfg = Release|Any CPU
		{CD69C36A-CDF7-44B0-92CC-48341ACE322B}.Release|Any CPU.Build.0 = Release|Any CPU
	EndGlobalSection
	GlobalSection(SolutionProperties) = preSolution
		HideSolutionNode = FALSE
	EndGlobalSection
	GlobalSection(ExtensibilityGlobals) = postSolution
		SolutionGuid = {045B9D9E-FDC1-4B0B-9959-54ED980663F1}
	EndGlobalSection
EndGlobal
